
Microsoft Visual Studio Solution File, Format Version 12.00
# Visual Studio 15
VisualStudioVersion = 15.0.28010.2026
MinimumVisualStudioVersion = 10.0.40219.1
Project("{FAE04EC0-301F-11D3-BF4B-00C04F79EFBC}") = "LogAn", "LogAn\LogAn.csproj", "{FA0B08D3-14F5-4BE1-AEB1-A310EB47CF96}"
EndProject
Project("{FAE04EC0-301F-11D3-BF4B-00C04F79EFBC}") = "LogAn.Test", "LogAn.Test\LogAn.Test.csproj", "{08F10D77-D1E4-4BAE-9A88-3DCE756E62DD}"
EndProject
Global
	GlobalSection(SolutionConfigurationPlatforms) = preSolution
		Debug|Any CPU = Debug|Any CPU
		Release|Any CPU = Release|Any CPU
	EndGlobalSection
	GlobalSection(ProjectConfigurationPlatforms) = postSolution
		{FA0B08D3-14F5-4BE1-AEB1-A310EB47CF96}.Debug|Any CPU.ActiveCfg = Debug|Any CPU
		{FA0B08D3-14F5-4BE1-AEB1-A310EB47CF96}.Debug|Any CPU.Build.0 = Debug|Any CPU
		{FA0B08D3-14F5-4BE1-AEB1-A310EB47CF96}.Release|Any CPU.ActiveCfg = Release|Any CPU
		{FA0B08D3-14F5-4BE1-AEB1-A310EB47CF96}.Release|Any CPU.Build.0 = Release|Any CPU
		{08F10D77-D1E4-4BAE-9A88-3DCE756E62DD}.Debug|Any CPU.ActiveCfg = Debug|Any CPU
		{08F10D77-D1E4-4BAE-9A88-3DCE756E62DD}.Debug|Any CPU.Build.0 = Debug|Any CPU
		{08F10D77-D1E4-4BAE-9A88-3DCE756E62DD}.Release|Any CPU.ActiveCfg = Release|Any CPU
		{08F10D77-D1E4-4BAE-9A88-3DCE756E62DD}.Release|Any CPU.Build.0 = Release|Any CPU
	EndGlobalSection
	GlobalSection(SolutionProperties) = preSolution
		HideSolutionNode = FALSE
	EndGlobalSection
	GlobalSection(ExtensibilityGlobals) = postSolution
		SolutionGuid = {BDC4F053-984A-4AE3-91E5-54BB8F66F299}
	EndGlobalSection
EndGlobal
